
Microsoft Visual Studio Solution File, Format Version 12.00
# Visual Studio Version 17
VisualStudioVersion = 17.5.33530.505
MinimumVisualStudioVersion = 10.0.40219.1
Project("{FAE04EC0-301F-11D3-BF4B-00C04F79EFBC}") = "HotelListing", "HotelListing\HotelListing.csproj", "{2C2B1A95-9D6E-49BA-B0EE-032479D1FABB}"
EndProject
Global
	GlobalSection(SolutionConfigurationPlatforms) = preSolution
		Debug|Any CPU = Debug|Any CPU
		Release|Any CPU = Release|Any CPU
	EndGlobalSection
	GlobalSection(ProjectConfigurationPlatforms) = postSolution
		{2C2B1A95-9D6E-49BA-B0EE-032479D1FABB}.Debug|Any CPU.ActiveCfg = Debug|Any CPU
		{2C2B1A95-9D6E-49BA-B0EE-032479D1FABB}.Debug|Any CPU.Build.0 = Debug|Any CPU
		{2C2B1A95-9D6E-49BA-B0EE-032479D1FABB}.Release|Any CPU.ActiveCfg = Release|Any CPU
		{2C2B1A95-9D6E-49BA-B0EE-032479D1FABB}.Release|Any CPU.Build.0 = Release|Any CPU
	EndGlobalSection
	GlobalSection(SolutionProperties) = preSolution
		HideSolutionNode = FALSE
	EndGlobalSection
	GlobalSection(ExtensibilityGlobals) = postSolution
		SolutionGuid = {D82A2E92-E372-4AFA-AC51-DE7C2E748D1A}
	EndGlobalSection
EndGlobal
